
Microsoft Visual Studio Solution File, Format Version 12.00
# Visual Studio Version 16
VisualStudioVersion = 16.0.30114.105
MinimumVisualStudioVersion = 10.0.40219.1
Project("{2150E333-8FDC-42A3-9474-1A3956D46DE8}") = "Services", "Services", "{FA5C285B-374E-4D77-9B7C-5B839D4B9A29}"
EndProject
Project("{2150E333-8FDC-42A3-9474-1A3956D46DE8}") = "Identity", "Identity", "{72C4CEA9-D17C-474C-BC67-995A24888089}"
EndProject
Project("{9A19103F-16F7-4668-BE54-9A1E7A4F7556}") = "IdentityServer", "Services\Identity\IdentityServer\IdentityServer.csproj", "{AEC72B04-DF90-4A41-A54A-93D808887935}"
EndProject
Project("{2150E333-8FDC-42A3-9474-1A3956D46DE8}") = "Chat", "Chat", "{4E45D229-A6EE-4B7A-A3F3-044C728E1896}"
EndProject
Project("{9A19103F-16F7-4668-BE54-9A1E7A4F7556}") = "Chat.API", "Services\Chat\Chat.API\Chat.API.csproj", "{4D836320-ED0A-4E87-8730-C3996BC2ADDF}"
EndProject
Project("{2150E333-8FDC-42A3-9474-1A3956D46DE8}") = "Web", "Web", "{15171AAE-3C77-4F7A-AC92-E0CBAF27F134}"
EndProject
Project("{9A19103F-16F7-4668-BE54-9A1E7A4F7556}") = "MvcClient", "Web\MvcClient\MvcClient.csproj", "{D2C5109D-F8FE-4137-8202-95766793A328}"
EndProject
Project("{E53339B2-1760-4266-BCC7-CA923CBCF16C}") = "docker-compose", "docker-compose.dcproj", "{8FF049FA-273C-4C29-A126-D7B2BDB5191E}"
EndProject
Project("{9A19103F-16F7-4668-BE54-9A1E7A4F7556}") = "Chat.Application", "Services\Chat\Chat.Application\Chat.Application.csproj", "{7CD2C8FE-88A8-4FEA-B94A-C4BA1A4061E5}"
EndProject
Project("{9A19103F-16F7-4668-BE54-9A1E7A4F7556}") = "Chat.Domain", "Services\Chat\Chat.Domain\Chat.Domain.csproj", "{B82F8C7D-7F2B-4C95-8710-5486DCCCFA2B}"
EndProject
Project("{9A19103F-16F7-4668-BE54-9A1E7A4F7556}") = "Chat.Infrastructure", "Services\Chat\Chat.Infrastructure\Chat.Infrastructure.csproj", "{DEDE7758-2123-4E49-9FA8-FDE4FF3B347E}"
EndProject
Project("{2150E333-8FDC-42A3-9474-1A3956D46DE8}") = "BuildingBlocks", "BuildingBlocks", "{CC99D0C2-3A51-4E1E-9650-7312EB79580D}"
EndProject
Project("{9A19103F-16F7-4668-BE54-9A1E7A4F7556}") = "BuildingBlocks.Domain", "BuildingBlocks\BuildingBlocks.Domain\BuildingBlocks.Domain.csproj", "{7CDE3FC7-1A1F-4933-B5CD-2A52DDBC606B}"
EndProject
Project("{9A19103F-16F7-4668-BE54-9A1E7A4F7556}") = "BuildingBlocks.Application", "BuildingBlocks\BuildingBlocks.Application\BuildingBlocks.Application.csproj", "{FBD944BB-E602-44DE-96B4-EC0B21F20393}"
EndProject
Project("{9A19103F-16F7-4668-BE54-9A1E7A4F7556}") = "BuildingBlocks.Infrastructure", "BuildingBlocks\BuildingBlocks.Infrastructure\BuildingBlocks.Infrastructure.csproj", "{EEBD55D1-C2BB-478C-ACC6-7C5A857ACE88}"
EndProject
Project("{9A19103F-16F7-4668-BE54-9A1E7A4F7556}") = "BuildingBlocks.API", "BuildingBlocks\BuildingBlocks.API\BuildingBlocks.API.csproj", "{18070CCE-D7D4-47FC-9C4D-27A0150199BC}"
EndProject
Project("{2150E333-8FDC-42A3-9474-1A3956D46DE8}") = "Forum", "Forum", "{4E56B339-C3C6-48A0-A3EC-A7B2EC533E5A}"
EndProject
Project("{9A19103F-16F7-4668-BE54-9A1E7A4F7556}") = "Forum.API", "Services\Forum\Forum.API\Forum.API.csproj", "{D0C72334-0C28-4D6A-BFDA-D88F163F5341}"
EndProject
Project("{9A19103F-16F7-4668-BE54-9A1E7A4F7556}") = "Forum.Domain", "Services\Forum\Forum.Domain\Forum.Domain.csproj", "{19EA6BAD-3057-4FDE-878F-26E6A085C343}"
EndProject
Project("{9A19103F-16F7-4668-BE54-9A1E7A4F7556}") = "Forum.Infrastructure", "Services\Forum\Forum.Infrastructure\Forum.Infrastructure.csproj", "{CCA20402-404A-4517-89F0-3FCEDA8EC061}"
EndProject
Project("{9A19103F-16F7-4668-BE54-9A1E7A4F7556}") = "Forum.Application", "Services\Forum\Forum.Application\Forum.Application.csproj", "{F688F73A-563F-4959-B905-61DC37A8C184}"
EndProject
Project("{FAE04EC0-301F-11D3-BF4B-00C04F79EFBC}") = "ReactClient", "Web\ReactClient\ReactClient.csproj", "{83F31173-1911-4DC1-93F8-C044167FE1AF}"
EndProject
Project("{9A19103F-16F7-4668-BE54-9A1E7A4F7556}") = "ReactClientWithIdentity", "Web\ReactClientWithIdentity\ReactClientWithIdentity.csproj", "{FFDFF8F5-DE94-4725-A098-77D8B013C2EB}"
EndProject
Project("{FAE04EC0-301F-11D3-BF4B-00C04F79EFBC}") = "BuildingBlocks.Events", "BuildingBlocks\BuildingBlocks.Events\BuildingBlocks.Events.csproj", "{7ADAFA2C-AB14-40ED-840E-74A65D91B0C5}"
EndProject
Global
	GlobalSection(SolutionConfigurationPlatforms) = preSolution
		Debug|Any CPU = Debug|Any CPU
		Release|Any CPU = Release|Any CPU
	EndGlobalSection
	GlobalSection(ProjectConfigurationPlatforms) = postSolution
		{AEC72B04-DF90-4A41-A54A-93D808887935}.Debug|Any CPU.ActiveCfg = Debug|Any CPU
		{AEC72B04-DF90-4A41-A54A-93D808887935}.Debug|Any CPU.Build.0 = Debug|Any CPU
		{AEC72B04-DF90-4A41-A54A-93D808887935}.Release|Any CPU.ActiveCfg = Release|Any CPU
		{AEC72B04-DF90-4A41-A54A-93D808887935}.Release|Any CPU.Build.0 = Release|Any CPU
		{4D836320-ED0A-4E87-8730-C3996BC2ADDF}.Debug|Any CPU.ActiveCfg = Debug|Any CPU
		{4D836320-ED0A-4E87-8730-C3996BC2ADDF}.Debug|Any CPU.Build.0 = Debug|Any CPU
		{4D836320-ED0A-4E87-8730-C3996BC2ADDF}.Release|Any CPU.ActiveCfg = Release|Any CPU
		{4D836320-ED0A-4E87-8730-C3996BC2ADDF}.Release|Any CPU.Build.0 = Release|Any CPU
		{D2C5109D-F8FE-4137-8202-95766793A328}.Debug|Any CPU.ActiveCfg = Debug|Any CPU
		{D2C5109D-F8FE-4137-8202-95766793A328}.Debug|Any CPU.Build.0 = Debug|Any CPU
		{D2C5109D-F8FE-4137-8202-95766793A328}.Release|Any CPU.ActiveCfg = Release|Any CPU
		{D2C5109D-F8FE-4137-8202-95766793A328}.Release|Any CPU.Build.0 = Release|Any CPU
		{8FF049FA-273C-4C29-A126-D7B2BDB5191E}.Debug|Any CPU.ActiveCfg = Debug|Any CPU
		{8FF049FA-273C-4C29-A126-D7B2BDB5191E}.Debug|Any CPU.Build.0 = Debug|Any CPU
		{8FF049FA-273C-4C29-A126-D7B2BDB5191E}.Release|Any CPU.ActiveCfg = Release|Any CPU
		{8FF049FA-273C-4C29-A126-D7B2BDB5191E}.Release|Any CPU.Build.0 = Release|Any CPU
		{7CD2C8FE-88A8-4FEA-B94A-C4BA1A4061E5}.Debug|Any CPU.ActiveCfg = Debug|Any CPU
		{7CD2C8FE-88A8-4FEA-B94A-C4BA1A4061E5}.Debug|Any CPU.Build.0 = Debug|Any CPU
		{7CD2C8FE-88A8-4FEA-B94A-C4BA1A4061E5}.Release|Any CPU.ActiveCfg = Release|Any CPU
		{7CD2C8FE-88A8-4FEA-B94A-C4BA1A4061E5}.Release|Any CPU.Build.0 = Release|Any CPU
		{B82F8C7D-7F2B-4C95-8710-5486DCCCFA2B}.Debug|Any CPU.ActiveCfg = Debug|Any CPU
		{B82F8C7D-7F2B-4C95-8710-5486DCCCFA2B}.Debug|Any CPU.Build.0 = Debug|Any CPU
		{B82F8C7D-7F2B-4C95-8710-5486DCCCFA2B}.Release|Any CPU.ActiveCfg = Release|Any CPU
		{B82F8C7D-7F2B-4C95-8710-5486DCCCFA2B}.Release|Any CPU.Build.0 = Release|Any CPU
		{DEDE7758-2123-4E49-9FA8-FDE4FF3B347E}.Debug|Any CPU.ActiveCfg = Debug|Any CPU
		{DEDE7758-2123-4E49-9FA8-FDE4FF3B347E}.Debug|Any CPU.Build.0 = Debug|Any CPU
		{DEDE7758-2123-4E49-9FA8-FDE4FF3B347E}.Release|Any CPU.ActiveCfg = Release|Any CPU
		{DEDE7758-2123-4E49-9FA8-FDE4FF3B347E}.Release|Any CPU.Build.0 = Release|Any CPU
		{7CDE3FC7-1A1F-4933-B5CD-2A52DDBC606B}.Debug|Any CPU.ActiveCfg = Debug|Any CPU
		{7CDE3FC7-1A1F-4933-B5CD-2A52DDBC606B}.Debug|Any CPU.Build.0 = Debug|Any CPU
		{7CDE3FC7-1A1F-4933-B5CD-2A52DDBC606B}.Release|Any CPU.ActiveCfg = Release|Any CPU
		{7CDE3FC7-1A1F-4933-B5CD-2A52DDBC606B}.Release|Any CPU.Build.0 = Release|Any CPU
		{FBD944BB-E602-44DE-96B4-EC0B21F20393}.Debug|Any CPU.ActiveCfg = Debug|Any CPU
		{FBD944BB-E602-44DE-96B4-EC0B21F20393}.Debug|Any CPU.Build.0 = Debug|Any CPU
		{FBD944BB-E602-44DE-96B4-EC0B21F20393}.Release|Any CPU.ActiveCfg = Release|Any CPU
		{FBD944BB-E602-44DE-96B4-EC0B21F20393}.Release|Any CPU.Build.0 = Release|Any CPU
		{EEBD55D1-C2BB-478C-ACC6-7C5A857ACE88}.Debug|Any CPU.ActiveCfg = Debug|Any CPU
		{EEBD55D1-C2BB-478C-ACC6-7C5A857ACE88}.Debug|Any CPU.Build.0 = Debug|Any CPU
		{EEBD55D1-C2BB-478C-ACC6-7C5A857ACE88}.Release|Any CPU.ActiveCfg = Release|Any CPU
		{EEBD55D1-C2BB-478C-ACC6-7C5A857ACE88}.Release|Any CPU.Build.0 = Release|Any CPU
		{18070CCE-D7D4-47FC-9C4D-27A0150199BC}.Debug|Any CPU.ActiveCfg = Debug|Any CPU
		{18070CCE-D7D4-47FC-9C4D-27A0150199BC}.Debug|Any CPU.Build.0 = Debug|Any CPU
		{18070CCE-D7D4-47FC-9C4D-27A0150199BC}.Release|Any CPU.ActiveCfg = Release|Any CPU
		{18070CCE-D7D4-47FC-9C4D-27A0150199BC}.Release|Any CPU.Build.0 = Release|Any CPU
		{D0C72334-0C28-4D6A-BFDA-D88F163F5341}.Debug|Any CPU.ActiveCfg = Debug|Any CPU
		{D0C72334-0C28-4D6A-BFDA-D88F163F5341}.Debug|Any CPU.Build.0 = Debug|Any CPU
		{D0C72334-0C28-4D6A-BFDA-D88F163F5341}.Release|Any CPU.ActiveCfg = Release|Any CPU
		{D0C72334-0C28-4D6A-BFDA-D88F163F5341}.Release|Any CPU.Build.0 = Release|Any CPU
		{19EA6BAD-3057-4FDE-878F-26E6A085C343}.Debug|Any CPU.ActiveCfg = Debug|Any CPU
		{19EA6BAD-3057-4FDE-878F-26E6A085C343}.Debug|Any CPU.Build.0 = Debug|Any CPU
		{19EA6BAD-3057-4FDE-878F-26E6A085C343}.Release|Any CPU.ActiveCfg = Release|Any CPU
		{19EA6BAD-3057-4FDE-878F-26E6A085C343}.Release|Any CPU.Build.0 = Release|Any CPU
		{CCA20402-404A-4517-89F0-3FCEDA8EC061}.Debug|Any CPU.ActiveCfg = Debug|Any CPU
		{CCA20402-404A-4517-89F0-3FCEDA8EC061}.Debug|Any CPU.Build.0 = Debug|Any CPU
		{CCA20402-404A-4517-89F0-3FCEDA8EC061}.Release|Any CPU.ActiveCfg = Release|Any CPU
		{CCA20402-404A-4517-89F0-3FCEDA8EC061}.Release|Any CPU.Build.0 = Release|Any CPU
		{F688F73A-563F-4959-B905-61DC37A8C184}.Debug|Any CPU.ActiveCfg = Debug|Any CPU
		{F688F73A-563F-4959-B905-61DC37A8C184}.Debug|Any CPU.Build.0 = Debug|Any CPU
		{F688F73A-563F-4959-B905-61DC37A8C184}.Release|Any CPU.ActiveCfg = Release|Any CPU
		{F688F73A-563F-4959-B905-61DC37A8C184}.Release|Any CPU.Build.0 = Release|Any CPU
		{83F31173-1911-4DC1-93F8-C044167FE1AF}.Debug|Any CPU.ActiveCfg = Debug|Any CPU
		{83F31173-1911-4DC1-93F8-C044167FE1AF}.Debug|Any CPU.Build.0 = Debug|Any CPU
		{83F31173-1911-4DC1-93F8-C044167FE1AF}.Release|Any CPU.ActiveCfg = Release|Any CPU
		{83F31173-1911-4DC1-93F8-C044167FE1AF}.Release|Any CPU.Build.0 = Release|Any CPU
		{FFDFF8F5-DE94-4725-A098-77D8B013C2EB}.Debug|Any CPU.ActiveCfg = Debug|Any CPU
		{FFDFF8F5-DE94-4725-A098-77D8B013C2EB}.Debug|Any CPU.Build.0 = Debug|Any CPU
		{FFDFF8F5-DE94-4725-A098-77D8B013C2EB}.Release|Any CPU.ActiveCfg = Release|Any CPU
		{FFDFF8F5-DE94-4725-A098-77D8B013C2EB}.Release|Any CPU.Build.0 = Release|Any CPU
		{7ADAFA2C-AB14-40ED-840E-74A65D91B0C5}.Debug|Any CPU.ActiveCfg = Debug|Any CPU
		{7ADAFA2C-AB14-40ED-840E-74A65D91B0C5}.Debug|Any CPU.Build.0 = Debug|Any CPU
		{7ADAFA2C-AB14-40ED-840E-74A65D91B0C5}.Release|Any CPU.ActiveCfg = Release|Any CPU
		{7ADAFA2C-AB14-40ED-840E-74A65D91B0C5}.Release|Any CPU.Build.0 = Release|Any CPU
	EndGlobalSection
	GlobalSection(SolutionProperties) = preSolution
		HideSolutionNode = FALSE
	EndGlobalSection
	GlobalSection(NestedProjects) = preSolution
		{72C4CEA9-D17C-474C-BC67-995A24888089} = {FA5C285B-374E-4D77-9B7C-5B839D4B9A29}
		{AEC72B04-DF90-4A41-A54A-93D808887935} = {72C4CEA9-D17C-474C-BC67-995A24888089}
		{4E45D229-A6EE-4B7A-A3F3-044C728E1896} = {FA5C285B-374E-4D77-9B7C-5B839D4B9A29}
		{4D836320-ED0A-4E87-8730-C3996BC2ADDF} = {4E45D229-A6EE-4B7A-A3F3-044C728E1896}
		{D2C5109D-F8FE-4137-8202-95766793A328} = {15171AAE-3C77-4F7A-AC92-E0CBAF27F134}
		{7CD2C8FE-88A8-4FEA-B94A-C4BA1A4061E5} = {4E45D229-A6EE-4B7A-A3F3-044C728E1896}
		{B82F8C7D-7F2B-4C95-8710-5486DCCCFA2B} = {4E45D229-A6EE-4B7A-A3F3-044C728E1896}
		{DEDE7758-2123-4E49-9FA8-FDE4FF3B347E} = {4E45D229-A6EE-4B7A-A3F3-044C728E1896}
		{7CDE3FC7-1A1F-4933-B5CD-2A52DDBC606B} = {CC99D0C2-3A51-4E1E-9650-7312EB79580D}
		{FBD944BB-E602-44DE-96B4-EC0B21F20393} = {CC99D0C2-3A51-4E1E-9650-7312EB79580D}
		{EEBD55D1-C2BB-478C-ACC6-7C5A857ACE88} = {CC99D0C2-3A51-4E1E-9650-7312EB79580D}
		{18070CCE-D7D4-47FC-9C4D-27A0150199BC} = {CC99D0C2-3A51-4E1E-9650-7312EB79580D}
		{4E56B339-C3C6-48A0-A3EC-A7B2EC533E5A} = {FA5C285B-374E-4D77-9B7C-5B839D4B9A29}
		{D0C72334-0C28-4D6A-BFDA-D88F163F5341} = {4E56B339-C3C6-48A0-A3EC-A7B2EC533E5A}
		{19EA6BAD-3057-4FDE-878F-26E6A085C343} = {4E56B339-C3C6-48A0-A3EC-A7B2EC533E5A}
		{CCA20402-404A-4517-89F0-3FCEDA8EC061} = {4E56B339-C3C6-48A0-A3EC-A7B2EC533E5A}
		{F688F73A-563F-4959-B905-61DC37A8C184} = {4E56B339-C3C6-48A0-A3EC-A7B2EC533E5A}
		{83F31173-1911-4DC1-93F8-C044167FE1AF} = {15171AAE-3C77-4F7A-AC92-E0CBAF27F134}
		{FFDFF8F5-DE94-4725-A098-77D8B013C2EB} = {15171AAE-3C77-4F7A-AC92-E0CBAF27F134}
		{7ADAFA2C-AB14-40ED-840E-74A65D91B0C5} = {CC99D0C2-3A51-4E1E-9650-7312EB79580D}
	EndGlobalSection
	GlobalSection(ExtensibilityGlobals) = postSolution
		SolutionGuid = {F28BFB54-D312-4AE9-A6F3-FC46BFC235F4}
	EndGlobalSection
EndGlobal
